
Microsoft Visual Studio Solution File, Format Version 12.00
# Visual Studio Version 16
VisualStudioVersion = 16.0.34031.81
MinimumVisualStudioVersion = 10.0.40219.1
Project("{FAE04EC0-301F-11D3-BF4B-00C04F79EFBC}") = "AppAPI", "AppAPI\AppAPI.csproj", "{2E65E44C-4AD2-48B4-A3BF-6B77F81CCDDB}"
EndProject
Global
	GlobalSection(SolutionConfigurationPlatforms) = preSolution
		Debug|Any CPU = Debug|Any CPU
		Release|Any CPU = Release|Any CPU
	EndGlobalSection
	GlobalSection(ProjectConfigurationPlatforms) = postSolution
		{2E65E44C-4AD2-48B4-A3BF-6B77F81CCDDB}.Debug|Any CPU.ActiveCfg = Debug|Any CPU
		{2E65E44C-4AD2-48B4-A3BF-6B77F81CCDDB}.Debug|Any CPU.Build.0 = Debug|Any CPU
		{2E65E44C-4AD2-48B4-A3BF-6B77F81CCDDB}.Release|Any CPU.ActiveCfg = Release|Any CPU
		{2E65E44C-4AD2-48B4-A3BF-6B77F81CCDDB}.Release|Any CPU.Build.0 = Release|Any CPU
	EndGlobalSection
	GlobalSection(SolutionProperties) = preSolution
		HideSolutionNode = FALSE
	EndGlobalSection
	GlobalSection(ExtensibilityGlobals) = postSolution
		SolutionGuid = {B887109F-F898-4798-9085-72169549B713}
	EndGlobalSection
EndGlobal
